{"filter":false,"title":"package-lock.json","tooltip":"/workshop-typescript/package-lock.json","undoManager":{"mark":-1,"position":-1,"stack":[]},"ace":{"folds":[],"scrolltop":0,"scrollleft":0,"selection":{"start":{"row":0,"column":0},"end":{"row":0,"column":0},"isBackwards":false},"options":{"guessTabSize":true,"useWrapMode":false,"wrapToView":true},"firstLineState":0},"timestamp":1619768480403,"hash":"62387e147dbadd69855b94c0f0a090b0ee976513"}